
Microsoft Visual Studio Solution File, Format Version 12.00
# Visual Studio 15
VisualStudioVersion = 15.0.28010.2003
MinimumVisualStudioVersion = 10.0.40219.1
Project("{FAE04EC0-301F-11D3-BF4B-00C04F79EFBC}") = "LET_Auftragsverwaltung", "LET_Auftragsverwaltung\LET_Auftragsverwaltung.csproj", "{D1F3042C-0D16-45E8-8F11-C42AF8704DBD}"
EndProject
Project("{2150E333-8FDC-42A3-9474-1A3956D46DE8}") = "MySQL", "MySQL", "{116EADD3-580C-4175-BA0B-B6846AC2D4F3}"
	ProjectSection(SolutionItems) = preProject
		LET_Auftragsverwaltung\MySQL\MYSQL Connectionstring.txt = LET_Auftragsverwaltung\MySQL\MYSQL Connectionstring.txt
		LET_Auftragsverwaltung\MySQL\mysql-connector-odbc-3.51.30-winx64.msi = LET_Auftragsverwaltung\MySQL\mysql-connector-odbc-3.51.30-winx64.msi
		LET_Auftragsverwaltung\SQL_Abfragen.txt = LET_Auftragsverwaltung\SQL_Abfragen.txt
	EndProjectSection
EndProject
Global
	GlobalSection(SolutionConfigurationPlatforms) = preSolution
		Debug|Any CPU = Debug|Any CPU
		Release|Any CPU = Release|Any CPU
	EndGlobalSection
	GlobalSection(ProjectConfigurationPlatforms) = postSolution
		{D1F3042C-0D16-45E8-8F11-C42AF8704DBD}.Debug|Any CPU.ActiveCfg = Debug|Any CPU
		{D1F3042C-0D16-45E8-8F11-C42AF8704DBD}.Debug|Any CPU.Build.0 = Debug|Any CPU
		{D1F3042C-0D16-45E8-8F11-C42AF8704DBD}.Release|Any CPU.ActiveCfg = Release|Any CPU
		{D1F3042C-0D16-45E8-8F11-C42AF8704DBD}.Release|Any CPU.Build.0 = Release|Any CPU
	EndGlobalSection
	GlobalSection(SolutionProperties) = preSolution
		HideSolutionNode = FALSE
	EndGlobalSection
	GlobalSection(ExtensibilityGlobals) = postSolution
		SolutionGuid = {3A5370EC-1CFA-4826-A191-A8C2E4BFA086}
	EndGlobalSection
EndGlobal
